{
  "version": 4,
  "terraform_version": "0.12.28",
  "serial": 28,
  "lineage": "ec862aa7-be8c-4bb1-8b2e-6012245f7a7e",
  "outputs": {},
  "resources": [
    {
      "mode": "managed",
      "type": "aws_cloudfront_distribution",
      "name": "s3_distribution",
      "provider": "provider.aws",
      "instances": [
        {
          "schema_version": 1,
          "attributes": {
            "aliases": null,
            "arn": "arn:aws:cloudfront::407321317326:distribution/E3S5QAQT117156",
            "caller_reference": "terraform-20200824034822958100000001",
            "comment": null,
            "custom_error_response": [],
            "default_cache_behavior": [
              {
                "allowed_methods": [
                  "GET",
                  "HEAD"
                ],
                "cached_methods": [
                  "GET",
                  "HEAD"
                ],
                "compress": false,
                "default_ttl": 3600,
                "field_level_encryption_id": "",
                "forwarded_values": [
                  {
                    "cookies": [
                      {
                        "forward": "none",
                        "whitelisted_names": null
                      }
                    ],
                    "headers": null,
                    "query_string": false,
                    "query_string_cache_keys": null
                  }
                ],
                "lambda_function_association": [],
                "max_ttl": 86400,
                "min_ttl": 0,
                "smooth_streaming": false,
                "target_origin_id": "ak",
                "trusted_signers": null,
                "viewer_protocol_policy": "allow-all"
              }
            ],
            "default_root_object": "index.html",
            "domain_name": "d1pzp4joxrkv5g.cloudfront.net",
            "enabled": true,
            "etag": "EWWPYPLIH703V",
            "hosted_zone_id": "Z2FDTNDATAQYW2",
            "http_version": "http2",
            "id": "E3S5QAQT117156",
            "in_progress_validation_batches": 0,
            "is_ipv6_enabled": true,
            "last_modified_time": "2020-08-24 03:48:23.896 +0000 UTC",
            "logging_config": [],
            "ordered_cache_behavior": [],
            "origin": [
              {
                "custom_header": [],
                "custom_origin_config": [],
                "domain_name": "icebucket24.s3.amazonaws.com",
                "origin_id": "ak",
                "origin_path": "",
                "s3_origin_config": []
              }
            ],
            "origin_group": [],
            "price_class": "PriceClass_All",
            "restrictions": [
              {
                "geo_restriction": [
                  {
                    "locations": null,
                    "restriction_type": "none"
                  }
                ]
              }
            ],
            "retain_on_delete": false,
            "status": "Deployed",
            "tags": null,
            "trusted_signers": [
              {
                "enabled": false,
                "items": []
              }
            ],
            "viewer_certificate": [
              {
                "acm_certificate_arn": "",
                "cloudfront_default_certificate": true,
                "iam_certificate_id": "",
                "minimum_protocol_version": "TLSv1",
                "ssl_support_method": ""
              }
            ],
            "wait_for_deployment": true,
            "web_acl_id": ""
          },
          "private": "eyJzY2hlbWFfdmVyc2lvbiI6IjEifQ==",
          "dependencies": [
            "aws_s3_bucket.bucket1",
            "aws_s3_bucket_object.image_upload"
          ]
        }
      ]
    },
    {
      "mode": "managed",
      "type": "aws_default_subnet",
      "name": "default_az1",
      "provider": "provider.aws",
      "instances": [
        {
          "schema_version": 1,
          "attributes": {
            "arn": "arn:aws:ec2:ap-south-1:407321317326:subnet/subnet-fb656993",
            "assign_ipv6_address_on_creation": false,
            "availability_zone": "ap-south-1a",
            "availability_zone_id": "aps1-az1",
            "cidr_block": "172.31.32.0/20",
            "id": "subnet-fb656993",
            "ipv6_cidr_block": "",
            "ipv6_cidr_block_association_id": "",
            "map_public_ip_on_launch": true,
            "outpost_arn": "",
            "owner_id": "407321317326",
            "tags": {
              "Name": "Default subnet for ap-south-1a"
            },
            "timeouts": null,
            "vpc_id": "vpc-45c0272e"
          },
          "private": "eyJlMmJmYjczMC1lY2FhLTExZTYtOGY4OC0zNDM2M2JjN2M0YzAiOnsiY3JlYXRlIjo2MDAwMDAwMDAwMDAsImRlbGV0ZSI6MTIwMDAwMDAwMDAwMH0sInNjaGVtYV92ZXJzaW9uIjoiMSJ9"
        }
      ]
    },
    {
      "mode": "managed",
      "type": "aws_default_vpc",
      "name": "default",
      "provider": "provider.aws",
      "instances": [
        {
          "schema_version": 1,
          "attributes": {
            "arn": "arn:aws:ec2:ap-south-1:407321317326:vpc/vpc-45c0272e",
            "assign_generated_ipv6_cidr_block": false,
            "cidr_block": "172.31.0.0/16",
            "default_network_acl_id": "acl-2f0bc544",
            "default_route_table_id": "rtb-bb57f2d0",
            "default_security_group_id": "sg-987512fc",
            "dhcp_options_id": "dopt-dcf735b7",
            "enable_classiclink": null,
            "enable_classiclink_dns_support": null,
            "enable_dns_hostnames": true,
            "enable_dns_support": true,
            "id": "vpc-45c0272e",
            "instance_tenancy": "default",
            "ipv6_association_id": "",
            "ipv6_cidr_block": "",
            "main_route_table_id": "rtb-bb57f2d0",
            "owner_id": "407321317326",
            "tags": {
              "Name": "Default VPC"
            }
          },
          "private": "eyJzY2hlbWFfdmVyc2lvbiI6IjEifQ=="
        }
      ]
    },
    {
      "mode": "managed",
      "type": "aws_efs_file_system",
      "name": "efs",
      "provider": "provider.aws",
      "instances": [
        {
          "schema_version": 0,
          "attributes": {
            "arn": "arn:aws:elasticfilesystem:ap-south-1:407321317326:file-system/fs-5dbd228c",
            "creation_token": "w_efs",
            "dns_name": "fs-5dbd228c.efs.ap-south-1.amazonaws.com",
            "encrypted": false,
            "id": "fs-5dbd228c",
            "kms_key_id": "",
            "lifecycle_policy": [],
            "performance_mode": "generalPurpose",
            "provisioned_throughput_in_mibps": 0,
            "tags": {
              "Name": "Wordpress-EFS"
            },
            "throughput_mode": "bursting"
          },
          "private": "bnVsbA==",
          "dependencies": [
            "aws_security_group.sg1"
          ]
        }
      ]
    },
    {
      "mode": "managed",
      "type": "aws_efs_mount_target",
      "name": "mount_efs",
      "provider": "provider.aws",
      "instances": [
        {
          "schema_version": 0,
          "attributes": {
            "availability_zone_id": "aps1-az1",
            "availability_zone_name": "ap-south-1a",
            "dns_name": "fs-5dbd228c.efs.ap-south-1.amazonaws.com",
            "file_system_arn": "arn:aws:elasticfilesystem:ap-south-1:407321317326:file-system/fs-5dbd228c",
            "file_system_id": "fs-5dbd228c",
            "id": "fsmt-7364b9a2",
            "ip_address": "172.31.33.192",
            "mount_target_dns_name": "ap-south-1a.fs-5dbd228c.efs.ap-south-1.amazonaws.com",
            "network_interface_id": "eni-0cb4c5d9af786e43c",
            "owner_id": "407321317326",
            "security_groups": [
              "sg-987512fc"
            ],
            "subnet_id": "subnet-fb656993"
          },
          "private": "bnVsbA==",
          "dependencies": [
            "aws_default_subnet.default_az1",
            "aws_efs_file_system.efs",
            "aws_instance.web_ec2"
          ]
        }
      ]
    },
    {
      "mode": "managed",
      "type": "aws_instance",
      "name": "web_ec2",
      "provider": "provider.aws",
      "instances": [
        {
          "schema_version": 1,
          "attributes": {
            "ami": "ami-0447a12f28fddb066",
            "arn": "arn:aws:ec2:ap-south-1:407321317326:instance/i-05bc8380fb7c905a8",
            "associate_public_ip_address": true,
            "availability_zone": "ap-south-1a",
            "cpu_core_count": 1,
            "cpu_threads_per_core": 1,
            "credit_specification": [
              {
                "cpu_credits": "standard"
              }
            ],
            "disable_api_termination": false,
            "ebs_block_device": [],
            "ebs_optimized": false,
            "ephemeral_block_device": [],
            "get_password_data": false,
            "hibernation": false,
            "host_id": null,
            "iam_instance_profile": "",
            "id": "i-05bc8380fb7c905a8",
            "instance_initiated_shutdown_behavior": null,
            "instance_state": "running",
            "instance_type": "t2.micro",
            "ipv6_address_count": 0,
            "ipv6_addresses": [],
            "key_name": "betterman",
            "metadata_options": [
              {
                "http_endpoint": "enabled",
                "http_put_response_hop_limit": 1,
                "http_tokens": "optional"
              }
            ],
            "monitoring": false,
            "network_interface": [],
            "outpost_arn": "",
            "password_data": "",
            "placement_group": "",
            "primary_network_interface_id": "eni-09a414ed957ad2370",
            "private_dns": "ip-172-31-45-221.ap-south-1.compute.internal",
            "private_ip": "172.31.45.221",
            "public_dns": "ec2-13-235-95-254.ap-south-1.compute.amazonaws.com",
            "public_ip": "13.235.95.254",
            "root_block_device": [
              {
                "delete_on_termination": true,
                "device_name": "/dev/xvda",
                "encrypted": false,
                "iops": 100,
                "kms_key_id": "",
                "volume_id": "vol-0b3ac7c1b1339da83",
                "volume_size": 8,
                "volume_type": "gp2"
              }
            ],
            "secondary_private_ips": [],
            "security_groups": [
              "allow_ssh_http"
            ],
            "source_dest_check": true,
            "subnet_id": "subnet-fb656993",
            "tags": {
              "name": "webserver-ec2-instance"
            },
            "tenancy": "default",
            "timeouts": null,
            "user_data": null,
            "user_data_base64": null,
            "volume_tags": {},
            "vpc_security_group_ids": [
              "sg-09dc786cd0661d2f9"
            ]
          },
          "private": "eyJlMmJmYjczMC1lY2FhLTExZTYtOGY4OC0zNDM2M2JjN2M0YzAiOnsiY3JlYXRlIjo2MDAwMDAwMDAwMDAsImRlbGV0ZSI6MTIwMDAwMDAwMDAwMCwidXBkYXRlIjo2MDAwMDAwMDAwMDB9LCJzY2hlbWFfdmVyc2lvbiI6IjEifQ==",
          "dependencies": [
            "aws_default_subnet.default_az1",
            "aws_key_pair.generated_key",
            "aws_security_group.sg1",
            "tls_private_key.key"
          ]
        }
      ]
    },
    {
      "mode": "managed",
      "type": "aws_key_pair",
      "name": "generated_key",
      "provider": "provider.aws",
      "instances": [
        {
          "schema_version": 1,
          "attributes": {
            "arn": "arn:aws:ec2:ap-south-1:407321317326:key-pair/betterman",
            "fingerprint": "39:36:28:45:69:cb:d1:47:88:ab:af:f5:b7:dd:6b:0a",
            "id": "betterman",
            "key_name": "betterman",
            "key_name_prefix": null,
            "key_pair_id": "key-0f29f8bd3f445bb73",
            "public_key": "ssh-rsa AAAAB3NzaC1yc2EAAAADAQABAAACAQDGtmKJ7foA1Nyuc0I0m6BtwFOwSZr8rfUJMM85qpS0lvACYXa5Rl9pJNGy7puWFg4oADFIW49fKog8bD43O6PxAhTIaVI4WAQxwloqYnB//0gJlXk9jZ8nEjNZNZp41Bi2wobnG2G1Ss03zqZyxiabXFVKEiXFunDKX82NfGLXs1Gwn7PB6dGvodRcE8vNpimTdVYCQcrnEELhmbzo4bmNpi1Dl5417+I73Hw4YPQ2hTSLyYPGfKiGWO+iQU3lYULYFAFDHaGXC3BvtL5VWV8fF+oxnFndRqiZ8N61eQnZoJ7iscz0mWlQzu+76/DlW8U6M/vNBeGycBzFW18t5DeMOPYKRhMQmfTGOZc9ZMwwQXzcGmMOe62r9P08+jj+MJpeJ1fa/XtRbm0ff44AP8hJCA/tI4ja+Sko1LYC8z4DFwE1MynNL/isk2DjFB1FWQDcXHQkft2ZVH0o7wBOYWpmLMB4TenrGo4DgiSSldv5wU4FTtDZbyHqrsFUrs7uPETmjxGHgZW07xIIR+HyAtxM0Ny3l7NZbRZYUThiyoWgsyYko4PYDzDK2Z+2aJWj53jTRzvVpb3LE1x93XCCu6j4shb9kE/+deIzDH1ZVT6+RA/9OFk3EZ8Qhf3bsJMBEKjg4f3j9sDQqFscwG7SS/SLkmRyX3NdH8ZjuaugjYaJDQ==",
            "tags": {}
          },
          "private": "eyJzY2hlbWFfdmVyc2lvbiI6IjEifQ==",
          "dependencies": [
            "tls_private_key.key"
          ]
        }
      ]
    },
    {
      "mode": "managed",
      "type": "aws_s3_bucket",
      "name": "bucket1",
      "provider": "provider.aws",
      "instances": [
        {
          "schema_version": 0,
          "attributes": {
            "acceleration_status": "",
            "acl": "public-read",
            "arn": "arn:aws:s3:::icebucket24",
            "bucket": "icebucket24",
            "bucket_domain_name": "icebucket24.s3.amazonaws.com",
            "bucket_prefix": null,
            "bucket_regional_domain_name": "icebucket24.s3.ap-south-1.amazonaws.com",
            "cors_rule": [],
            "force_destroy": true,
            "grant": [],
            "hosted_zone_id": "Z11RGJOFQNVJUP",
            "id": "icebucket24",
            "lifecycle_rule": [],
            "logging": [],
            "object_lock_configuration": [],
            "policy": null,
            "region": "ap-south-1",
            "replication_configuration": [],
            "request_payer": "BucketOwner",
            "server_side_encryption_configuration": [],
            "tags": {},
            "versioning": [
              {
                "enabled": false,
                "mfa_delete": false
              }
            ],
            "website": [],
            "website_domain": null,
            "website_endpoint": null
          },
          "private": "bnVsbA=="
        }
      ]
    },
    {
      "mode": "managed",
      "type": "aws_s3_bucket_object",
      "name": "image_upload",
      "provider": "provider.aws",
      "instances": [
        {
          "schema_version": 0,
          "attributes": {
            "acl": "public-read",
            "bucket": "icebucket24",
            "cache_control": "",
            "content": null,
            "content_base64": null,
            "content_disposition": "",
            "content_encoding": "",
            "content_language": "",
            "content_type": "image/png",
            "etag": "253d81f49020d7cf0261ba36cdade6d2",
            "force_destroy": false,
            "id": "image1.png",
            "key": "image1.png",
            "kms_key_id": null,
            "metadata": {},
            "object_lock_legal_hold_status": "",
            "object_lock_mode": "",
            "object_lock_retain_until_date": "",
            "server_side_encryption": "",
            "source": "Folder1/task1image.png",
            "storage_class": "STANDARD",
            "tags": {},
            "version_id": "",
            "website_redirect": ""
          },
          "private": "bnVsbA==",
          "dependencies": [
            "aws_s3_bucket.bucket1",
            "null_resource.git_download"
          ]
        }
      ]
    },
    {
      "mode": "managed",
      "type": "aws_security_group",
      "name": "sg1",
      "provider": "provider.aws",
      "instances": [
        {
          "schema_version": 1,
          "attributes": {
            "arn": "arn:aws:ec2:ap-south-1:407321317326:security-group/sg-09dc786cd0661d2f9",
            "description": "Managed by Terraform",
            "egress": [
              {
                "cidr_blocks": [
                  "0.0.0.0/0"
                ],
                "description": "",
                "from_port": 0,
                "ipv6_cidr_blocks": [],
                "prefix_list_ids": [],
                "protocol": "-1",
                "security_groups": [],
                "self": false,
                "to_port": 0
              }
            ],
            "id": "sg-09dc786cd0661d2f9",
            "ingress": [
              {
                "cidr_blocks": [
                  "0.0.0.0/0"
                ],
                "description": "",
                "from_port": 22,
                "ipv6_cidr_blocks": [],
                "prefix_list_ids": [],
                "protocol": "tcp",
                "security_groups": [],
                "self": false,
                "to_port": 22
              },
              {
                "cidr_blocks": [
                  "0.0.0.0/0"
                ],
                "description": "",
                "from_port": 80,
                "ipv6_cidr_blocks": [],
                "prefix_list_ids": [],
                "protocol": "tcp",
                "security_groups": [],
                "self": false,
                "to_port": 80
              }
            ],
            "name": "allow_ssh_http",
            "name_prefix": "",
            "owner_id": "407321317326",
            "revoke_rules_on_delete": false,
            "tags": {},
            "timeouts": null,
            "vpc_id": "vpc-45c0272e"
          },
          "private": "eyJlMmJmYjczMC1lY2FhLTExZTYtOGY4OC0zNDM2M2JjN2M0YzAiOnsiY3JlYXRlIjo2MDAwMDAwMDAwMDAsImRlbGV0ZSI6NjAwMDAwMDAwMDAwfSwic2NoZW1hX3ZlcnNpb24iOiIxIn0=",
          "dependencies": [
            "aws_default_vpc.default"
          ]
        }
      ]
    },
    {
      "mode": "managed",
      "type": "local_file",
      "name": "key_file",
      "provider": "provider.local",
      "instances": [
        {
          "schema_version": 0,
          "attributes": {
            "content": "-----BEGIN RSA PRIVATE KEY-----\nMIIJKgIBAAKCAgEAxrZiie36ANTcrnNCNJugbcBTsEma/K31CTDPOaqUtJbwAmF2\nuUZfaSTRsu6blhYOKAAxSFuPXyqIPGw+Nzuj8QIUyGlSOFgEMcJaKmJwf/9ICZV5\nPY2fJxIzWTWaeNQYtsKG5xthtUrNN86mcsYmm1xVShIlxbpwyl/NjXxi17NRsJ+z\nwenRr6HUXBPLzaYpk3VWAkHK5xBC4Zm86OG5jaYtQ5eeNe/iO9x8OGD0NoU0i8mD\nxnyohljvokFN5WFC2BQBQx2hlwtwb7S+VVlfHxfqMZxZ3UaomfDetXkJ2aCe4rHM\n9JlpUM7vu+vw5VvFOjP7zQXhsnAcxVtfLeQ3jDj2CkYTEJn0xjmXPWTMMEF83Bpj\nDnutq/T9PPo4/jCaXidX2v17UW5tH3+OAD/ISQgP7SOI2vkpKNS2AvM+AxcBNTMp\nzS/4rJNg4xQdRVkA3Fx0JH7dmVR9KO8ATmFqZizAeE3p6xqOA4IkkpXb+cFOBU7Q\n2W8h6q7BVK7O7jxE5o8Rh4GVtO8SCEfh8gLcTNDct5ezWW0WWFE4YsqFoLMmJKOD\n2A8wytmftmiVo+d400c71aW9yxNcfd1wgruo+LIW/ZBP/nXiMwx9WVU+vkQP/ThZ\nNxGfEIX927CTARCo4OH94/bA0KhbHMBu0kv0i5Jkcl9zXR/GY7mroI2GiQ0CAwEA\nAQKCAgEArmIWPacLM7mZ5LofSp2cf1Q93UHq8n4SwLsF0DyDfavL+rrffp5kUphO\nMrG09lRqne31UeOQAVsI7cWsH7qGF5XU+T98ORf8rlI54GI9CgbUiByVpk/ncFlH\nmK0y34B6I8C4tI3SBFAdojEG30hHTyYLbxJX9Zq1KtRCRjz3XQXv1YmBLdZs/q2M\n+DUjMFj2uYJKNXbZgkdB+kt5fgHBXa6MoHmpDPp0VkYa+TsUddgWEeqJayGwnx3j\nRkf6/SaKi6eap/ST/0K5rD44nhvtHxNUoa7tKgO9KEM6npUW8NZFOPoBvFH5G0JP\nHmJjKFSN05MVEYps07QRe5zA/Tv/BdJ5rAaOmb0m4BnEXh44WesJUe6sq0J8EAjQ\ndQrLxijbQYAoEPTtpJK2qPFsIrTpAQ8esvvdZDtCK/DwJ3vecIXe/hU3EzeW3IYx\nxeJAlQ7aM1g7UjkX5b6zPW6zW3/wk1P2gh0fp4VHb1RT8e7o9WorYHUQx7C9rzkY\n49gon1AdflaTzisrdMqlBNOZ4HWfB26KXXRZiqi2htzO7nYOW6rXmUcR7jw2A1q7\nzmLWGxpEro3gK50sayAkeIgF9O1bslFMJpAesxkfJeJqxUtMKrInmEa77TQN4yml\nRABPnBrZOEPcTrzd2hLeyZnJn5A5RXro8+X+KNxEe1Yo6C2Gwp0CggEBAN4oLawv\nfiGkSQ6OpQqlhFwWM5Rj7mAIzA/zJSIrwG+WEko8I78MNf3IBJcEdRPVqJLvB4Qn\nuiAAVnxR3VGxfL4ySXQyMomcDiyGTVgleFe45/Zq5GdpNQpi8GUYrE4f5Q5fR7QE\nz6jpZXT1do1HLi3USibBG9oM55PRiGM50LbhyM5oEgnfV5rTxQ+bhXzcm3t/UXGU\niluOkUmqT2gKRFumvE1uRlVjrhFhb77SZfq61E77g9Oswg7kOWDAMx2L2rXufo9/\nAyMi0iLLCB8xeC5wOh5RJl2h9W39lOSgfmTJ1iMdfPtL4iYALuq4U/kpykTD7uco\nHH9DbZkyGQtXAqsCggEBAOT75wHGw0vCi2ZrQXnhn9Tq0o9uLYp6B6BYyTVgLzod\nB6b1ENiNkr0Wl/aqOTm4kN52RjuPcBXHMqDESlONLERqSgHmEavOIumsHmqIIy6f\nvDtYsn0+ULOgVqD8LKJp3bkKZ7Qr1Vjj6iwGYnXl3y2uxLYPw47V3jcExIqFGREM\nQQ3yaiTbBSWEBOjc9k6eoVwxny7YOyn4jdtzBBBXQQq5BwNRfU/l3yuWkaB4jBA4\nDDtSmlL44uUpfgHes4gWKnUKeT3/GEiH8rnloa75g9s5NI5YFGgS2Ux17Cesm4HA\nu8Sn9XRWxVUq5Pcs/anAMZwd8aCsuGbM9+L8Ns+3YycCggEBAJtrLnCslShB/95Q\nSwREwXGPEqy4sLa80M5Dw3HBfBJUwhzvL+7jQw51lUh1lNa4fgO1d+Ory1nCAr9c\nomIZsnR5R8wjphmBdKUPnCKTrDpqoNVS+NGj17iZeSaw+TJ6u8uvOsGlMAYyqokF\nhNfXuWXUg7/TD4Ifzw8p4qnQc8TN9qb4Rc5kUqx9hPqjSeMNjzT54Gd+jMD634fS\nv1TBAgvAfTIKeOgaIVgFe6DbHv8nH4rWCObYkLbMUZvvOpNsGSl4XVBUgkRdgvdW\nZSs1d6e9WduF2DpfKQ22/yhnY6VtUwMkCSDheKgvLqOFKzJAW0J6dLOA61bZPF6V\nntHBIJsCggEBAKvChGIhvMZsNHJry55n7qMgTTcHVyPDK0tMrgjakDJQKjhDJRK7\nBzHM68o7n1c7qXclUsNEcbf0RnavJm2LvIPJEqBf+itcIXYUBHC2k2Vari/59VDa\n2GAUykZRQg3FyWoOcwGDy7G0rCe/1kVHW2QB7039fxv6MogkjGS3N7lA7t9OUe45\nV5/valtdu2f3t2PXWOcjjSWLaqUMniS/vmsTpT4I9y1iaUdh1vR+19kmoY4yBM5u\nIIvy1rECYrqWndxTMeSeH5HwX9Kve9srEIv1WgXX7d6vHM4suip8X90xO+dkcUqF\n99lNppf96HxXTR8kmuWCCYQbBWn+9AJVNgsCggEAbSy31uATdSUyqtDir4ElxCx1\ndu1e0w+DAq/A8A4WrAk63dxKN1Ez6VIGW2LkVNhUyfdHoD84keQ/b+DdXz0S81o8\n7Y+tfWH3xmYXWaChbJ0um0U506bVMqhAOAfFyhHBW1075kUzUTrsbkykVmA+s0jp\ngjZcIAlfwGPGTO5fFD0sL/Kh2aoYVAW19Zz5NzuggLCFNC9RGSoO13ExzZdWuyhF\nVIErKpvcEjJ+EvLarsYPozTGrzjVJK2InkWU7U+ZJYtp8JlEv/wrb0/cyVEqEPvy\n+kzFMP0WbIheJfau9qn29gQdI57Dhp5/dOuxVTgXRdzzysL8bzYbTa/Cg/pXYw==\n-----END RSA PRIVATE KEY-----\n",
            "content_base64": null,
            "directory_permission": "0777",
            "file_permission": "400",
            "filename": "betterman.pem",
            "id": "e9fb72247133fd00f07a40a6307c9006f838effe",
            "sensitive_content": null
          },
          "private": "bnVsbA==",
          "dependencies": [
            "tls_private_key.key"
          ]
        }
      ]
    },
    {
      "mode": "managed",
      "type": "null_resource",
      "name": "git_download",
      "provider": "provider.null",
      "instances": [
        {
          "schema_version": 0,
          "attributes": {
            "id": "916163049585965760",
            "triggers": null
          }
        }
      ]
    },
    {
      "mode": "managed",
      "type": "null_resource",
      "name": "newlocal",
      "provider": "provider.null",
      "instances": [
        {
          "schema_version": 0,
          "attributes": {
            "id": "6031152053847173316",
            "triggers": null
          },
          "dependencies": [
            "aws_efs_file_system.efs",
            "aws_efs_mount_target.mount_efs",
            "aws_instance.web_ec2",
            "tls_private_key.key"
          ]
        }
      ]
    },
    {
      "mode": "managed",
      "type": "null_resource",
      "name": "update_link",
      "provider": "provider.null",
      "instances": [
        {
          "schema_version": 0,
          "attributes": {
            "id": "158979643482098170",
            "triggers": null
          },
          "private": "bnVsbA==",
          "dependencies": [
            "aws_cloudfront_distribution.s3_distribution",
            "aws_instance.web_ec2",
            "aws_s3_bucket.bucket1",
            "aws_s3_bucket_object.image_upload",
            "tls_private_key.key"
          ]
        }
      ]
    },
    {
      "mode": "managed",
      "type": "tls_private_key",
      "name": "key",
      "provider": "provider.tls",
      "instances": [
        {
          "schema_version": 0,
          "attributes": {
            "algorithm": "RSA",
            "ecdsa_curve": "P224",
            "id": "b50528d35e32d525f1aed466c34d348f902b4448",
            "private_key_pem": "-----BEGIN RSA PRIVATE KEY-----\nMIIJKgIBAAKCAgEAxrZiie36ANTcrnNCNJugbcBTsEma/K31CTDPOaqUtJbwAmF2\nuUZfaSTRsu6blhYOKAAxSFuPXyqIPGw+Nzuj8QIUyGlSOFgEMcJaKmJwf/9ICZV5\nPY2fJxIzWTWaeNQYtsKG5xthtUrNN86mcsYmm1xVShIlxbpwyl/NjXxi17NRsJ+z\nwenRr6HUXBPLzaYpk3VWAkHK5xBC4Zm86OG5jaYtQ5eeNe/iO9x8OGD0NoU0i8mD\nxnyohljvokFN5WFC2BQBQx2hlwtwb7S+VVlfHxfqMZxZ3UaomfDetXkJ2aCe4rHM\n9JlpUM7vu+vw5VvFOjP7zQXhsnAcxVtfLeQ3jDj2CkYTEJn0xjmXPWTMMEF83Bpj\nDnutq/T9PPo4/jCaXidX2v17UW5tH3+OAD/ISQgP7SOI2vkpKNS2AvM+AxcBNTMp\nzS/4rJNg4xQdRVkA3Fx0JH7dmVR9KO8ATmFqZizAeE3p6xqOA4IkkpXb+cFOBU7Q\n2W8h6q7BVK7O7jxE5o8Rh4GVtO8SCEfh8gLcTNDct5ezWW0WWFE4YsqFoLMmJKOD\n2A8wytmftmiVo+d400c71aW9yxNcfd1wgruo+LIW/ZBP/nXiMwx9WVU+vkQP/ThZ\nNxGfEIX927CTARCo4OH94/bA0KhbHMBu0kv0i5Jkcl9zXR/GY7mroI2GiQ0CAwEA\nAQKCAgEArmIWPacLM7mZ5LofSp2cf1Q93UHq8n4SwLsF0DyDfavL+rrffp5kUphO\nMrG09lRqne31UeOQAVsI7cWsH7qGF5XU+T98ORf8rlI54GI9CgbUiByVpk/ncFlH\nmK0y34B6I8C4tI3SBFAdojEG30hHTyYLbxJX9Zq1KtRCRjz3XQXv1YmBLdZs/q2M\n+DUjMFj2uYJKNXbZgkdB+kt5fgHBXa6MoHmpDPp0VkYa+TsUddgWEeqJayGwnx3j\nRkf6/SaKi6eap/ST/0K5rD44nhvtHxNUoa7tKgO9KEM6npUW8NZFOPoBvFH5G0JP\nHmJjKFSN05MVEYps07QRe5zA/Tv/BdJ5rAaOmb0m4BnEXh44WesJUe6sq0J8EAjQ\ndQrLxijbQYAoEPTtpJK2qPFsIrTpAQ8esvvdZDtCK/DwJ3vecIXe/hU3EzeW3IYx\nxeJAlQ7aM1g7UjkX5b6zPW6zW3/wk1P2gh0fp4VHb1RT8e7o9WorYHUQx7C9rzkY\n49gon1AdflaTzisrdMqlBNOZ4HWfB26KXXRZiqi2htzO7nYOW6rXmUcR7jw2A1q7\nzmLWGxpEro3gK50sayAkeIgF9O1bslFMJpAesxkfJeJqxUtMKrInmEa77TQN4yml\nRABPnBrZOEPcTrzd2hLeyZnJn5A5RXro8+X+KNxEe1Yo6C2Gwp0CggEBAN4oLawv\nfiGkSQ6OpQqlhFwWM5Rj7mAIzA/zJSIrwG+WEko8I78MNf3IBJcEdRPVqJLvB4Qn\nuiAAVnxR3VGxfL4ySXQyMomcDiyGTVgleFe45/Zq5GdpNQpi8GUYrE4f5Q5fR7QE\nz6jpZXT1do1HLi3USibBG9oM55PRiGM50LbhyM5oEgnfV5rTxQ+bhXzcm3t/UXGU\niluOkUmqT2gKRFumvE1uRlVjrhFhb77SZfq61E77g9Oswg7kOWDAMx2L2rXufo9/\nAyMi0iLLCB8xeC5wOh5RJl2h9W39lOSgfmTJ1iMdfPtL4iYALuq4U/kpykTD7uco\nHH9DbZkyGQtXAqsCggEBAOT75wHGw0vCi2ZrQXnhn9Tq0o9uLYp6B6BYyTVgLzod\nB6b1ENiNkr0Wl/aqOTm4kN52RjuPcBXHMqDESlONLERqSgHmEavOIumsHmqIIy6f\nvDtYsn0+ULOgVqD8LKJp3bkKZ7Qr1Vjj6iwGYnXl3y2uxLYPw47V3jcExIqFGREM\nQQ3yaiTbBSWEBOjc9k6eoVwxny7YOyn4jdtzBBBXQQq5BwNRfU/l3yuWkaB4jBA4\nDDtSmlL44uUpfgHes4gWKnUKeT3/GEiH8rnloa75g9s5NI5YFGgS2Ux17Cesm4HA\nu8Sn9XRWxVUq5Pcs/anAMZwd8aCsuGbM9+L8Ns+3YycCggEBAJtrLnCslShB/95Q\nSwREwXGPEqy4sLa80M5Dw3HBfBJUwhzvL+7jQw51lUh1lNa4fgO1d+Ory1nCAr9c\nomIZsnR5R8wjphmBdKUPnCKTrDpqoNVS+NGj17iZeSaw+TJ6u8uvOsGlMAYyqokF\nhNfXuWXUg7/TD4Ifzw8p4qnQc8TN9qb4Rc5kUqx9hPqjSeMNjzT54Gd+jMD634fS\nv1TBAgvAfTIKeOgaIVgFe6DbHv8nH4rWCObYkLbMUZvvOpNsGSl4XVBUgkRdgvdW\nZSs1d6e9WduF2DpfKQ22/yhnY6VtUwMkCSDheKgvLqOFKzJAW0J6dLOA61bZPF6V\nntHBIJsCggEBAKvChGIhvMZsNHJry55n7qMgTTcHVyPDK0tMrgjakDJQKjhDJRK7\nBzHM68o7n1c7qXclUsNEcbf0RnavJm2LvIPJEqBf+itcIXYUBHC2k2Vari/59VDa\n2GAUykZRQg3FyWoOcwGDy7G0rCe/1kVHW2QB7039fxv6MogkjGS3N7lA7t9OUe45\nV5/valtdu2f3t2PXWOcjjSWLaqUMniS/vmsTpT4I9y1iaUdh1vR+19kmoY4yBM5u\nIIvy1rECYrqWndxTMeSeH5HwX9Kve9srEIv1WgXX7d6vHM4suip8X90xO+dkcUqF\n99lNppf96HxXTR8kmuWCCYQbBWn+9AJVNgsCggEAbSy31uATdSUyqtDir4ElxCx1\ndu1e0w+DAq/A8A4WrAk63dxKN1Ez6VIGW2LkVNhUyfdHoD84keQ/b+DdXz0S81o8\n7Y+tfWH3xmYXWaChbJ0um0U506bVMqhAOAfFyhHBW1075kUzUTrsbkykVmA+s0jp\ngjZcIAlfwGPGTO5fFD0sL/Kh2aoYVAW19Zz5NzuggLCFNC9RGSoO13ExzZdWuyhF\nVIErKpvcEjJ+EvLarsYPozTGrzjVJK2InkWU7U+ZJYtp8JlEv/wrb0/cyVEqEPvy\n+kzFMP0WbIheJfau9qn29gQdI57Dhp5/dOuxVTgXRdzzysL8bzYbTa/Cg/pXYw==\n-----END RSA PRIVATE KEY-----\n",
            "public_key_fingerprint_md5": "8c:ac:2f:fb:8f:e0:c4:00:0f:d7:c9:83:31:ad:4e:8c",
            "public_key_openssh": "ssh-rsa AAAAB3NzaC1yc2EAAAADAQABAAACAQDGtmKJ7foA1Nyuc0I0m6BtwFOwSZr8rfUJMM85qpS0lvACYXa5Rl9pJNGy7puWFg4oADFIW49fKog8bD43O6PxAhTIaVI4WAQxwloqYnB//0gJlXk9jZ8nEjNZNZp41Bi2wobnG2G1Ss03zqZyxiabXFVKEiXFunDKX82NfGLXs1Gwn7PB6dGvodRcE8vNpimTdVYCQcrnEELhmbzo4bmNpi1Dl5417+I73Hw4YPQ2hTSLyYPGfKiGWO+iQU3lYULYFAFDHaGXC3BvtL5VWV8fF+oxnFndRqiZ8N61eQnZoJ7iscz0mWlQzu+76/DlW8U6M/vNBeGycBzFW18t5DeMOPYKRhMQmfTGOZc9ZMwwQXzcGmMOe62r9P08+jj+MJpeJ1fa/XtRbm0ff44AP8hJCA/tI4ja+Sko1LYC8z4DFwE1MynNL/isk2DjFB1FWQDcXHQkft2ZVH0o7wBOYWpmLMB4TenrGo4DgiSSldv5wU4FTtDZbyHqrsFUrs7uPETmjxGHgZW07xIIR+HyAtxM0Ny3l7NZbRZYUThiyoWgsyYko4PYDzDK2Z+2aJWj53jTRzvVpb3LE1x93XCCu6j4shb9kE/+deIzDH1ZVT6+RA/9OFk3EZ8Qhf3bsJMBEKjg4f3j9sDQqFscwG7SS/SLkmRyX3NdH8ZjuaugjYaJDQ==\n",
            "public_key_pem": "-----BEGIN PUBLIC KEY-----\nMIICIjANBgkqhkiG9w0BAQEFAAOCAg8AMIICCgKCAgEAxrZiie36ANTcrnNCNJug\nbcBTsEma/K31CTDPOaqUtJbwAmF2uUZfaSTRsu6blhYOKAAxSFuPXyqIPGw+Nzuj\n8QIUyGlSOFgEMcJaKmJwf/9ICZV5PY2fJxIzWTWaeNQYtsKG5xthtUrNN86mcsYm\nm1xVShIlxbpwyl/NjXxi17NRsJ+zwenRr6HUXBPLzaYpk3VWAkHK5xBC4Zm86OG5\njaYtQ5eeNe/iO9x8OGD0NoU0i8mDxnyohljvokFN5WFC2BQBQx2hlwtwb7S+VVlf\nHxfqMZxZ3UaomfDetXkJ2aCe4rHM9JlpUM7vu+vw5VvFOjP7zQXhsnAcxVtfLeQ3\njDj2CkYTEJn0xjmXPWTMMEF83BpjDnutq/T9PPo4/jCaXidX2v17UW5tH3+OAD/I\nSQgP7SOI2vkpKNS2AvM+AxcBNTMpzS/4rJNg4xQdRVkA3Fx0JH7dmVR9KO8ATmFq\nZizAeE3p6xqOA4IkkpXb+cFOBU7Q2W8h6q7BVK7O7jxE5o8Rh4GVtO8SCEfh8gLc\nTNDct5ezWW0WWFE4YsqFoLMmJKOD2A8wytmftmiVo+d400c71aW9yxNcfd1wgruo\n+LIW/ZBP/nXiMwx9WVU+vkQP/ThZNxGfEIX927CTARCo4OH94/bA0KhbHMBu0kv0\ni5Jkcl9zXR/GY7mroI2GiQ0CAwEAAQ==\n-----END PUBLIC KEY-----\n",
            "rsa_bits": 4096
          },
          "private": "bnVsbA=="
        }
      ]
    }
  ]
}
